# This file was autogenerated by Stack.
# You should not edit this file by hand.
# For more information, please see the documentation at:
#   https://docs.haskellstack.org/en/stable/lock_files

packages:
- completed:
    size: 28320
    url: https://github.com/tkachuk-labs/persistent-migration/archive/0e40b397fa1042e117ec0809d5715b7aa1e636f6.tar.gz
    name: persistent-migration
    version: 0.1.0
    sha256: ea3fee08aea83938a09a9bc06cccd7a1cc0bcc585ebb2370e3609b021bf223d5
    pantry-tree:
      size: 3798
      sha256: a6ad362ac7fb4ee35a4239e7ef5ede1c0df887e1c2f1f22e5fdb1ca393a9425c
  original:
    url: https://github.com/tkachuk-labs/persistent-migration/archive/0e40b397fa1042e117ec0809d5715b7aa1e636f6.tar.gz
- completed:
    size: 21659
    url: https://github.com/tkachuk-labs/bitfinex-client/archive/dba0d3ae58bca6f9712c474bb711a2478193c510.tar.gz
    name: bitfinex-client
    version: 0.1.0.0
    sha256: b311e1a2e48c0b610a09e3ee1009dbfb21702a09201e80662d5307d210fe37fc
    pantry-tree:
      size: 3898
      sha256: 027a912a86da68092a9c15d78d7da7d07ef0f9bb36b9d291ca51bb06c824247b
  original:
    url: https://github.com/tkachuk-labs/bitfinex-client/archive/dba0d3ae58bca6f9712c474bb711a2478193c510.tar.gz
snapshots:
- completed:
    size: 581696
    url: https://raw.githubusercontent.com/commercialhaskell/stackage-snapshots/master/nightly/2021/9/18.yaml
    sha256: f5184f7aaede1ce0aa29ec8be072f916c3c1b1ba95772cc55cb6e1787fa0ef51
  original: nightly-2021-09-18
